{
    "_readme": [
        "This file locks the dependencies of your project to a known state",
        "Read more about it at https://getcomposer.org/doc/01-basic-usage.md#installing-dependencies",
        "This file is @generated automatically"
    ],
    "content-hash": "18501745b2829bff11b9d8acb2b49886",
    "packages": [
        {
            "name": "luecano/numero-a-letras",
            "version": "v4.0.0",
            "source": {
                "type": "git",
                "url": "https://github.com/lecano/php-numero-a-letras.git",
                "reference": "bc966735c788f5ea9423157a45f509b988c7163e"
            },
            "dist": {
                "type": "zip",
                "url": "https://api.github.com/repos/lecano/php-numero-a-letras/zipball/bc966735c788f5ea9423157a45f509b988c7163e",
                "reference": "bc966735c788f5ea9423157a45f509b988c7163e",
                "shasum": ""
            },
            "require": {
                "php": "^8.2"
            },
            "require-dev": {
                "phpunit/phpunit": "^11.0"
            },
            "type": "library",
            "autoload": {
                "psr-4": {
                    "Luecano\\NumeroALetras\\": "src/"
                }
            },
            "notification-url": "https://packagist.org/downloads/",
            "license": [
                "MIT"
            ],
            "authors": [
                {
                    "name": "Luis Cano",
                    "homepage": "https://github.com/luecano/numero-a-letras"
                }
            ],
            "description": "Convierte un número a letras.",
            "homepage": "https://github.com/luecano/numero-a-letras",
            "keywords": [
                "convertir",
                "facturacion",
                "letras",
                "numero",
                "sunat"
            ],
            "support": {
                "issues": "https://github.com/lecano/php-numero-a-letras/issues",
                "source": "https://github.com/lecano/php-numero-a-letras/tree/v4.0.0"
            },
            "funding": [
                {
                    "url": "https://github.com/lecano",
                    "type": "github"
                }
            ],
            "time": "2024-10-05T01:11:08+00:00"
        }
    ],
    "packages-dev": [],
    "aliases": [],
    "minimum-stability": "stable",
    "stability-flags": {},
    "prefer-stable": false,
    "prefer-lowest": false,
    "platform": {},
    "platform-dev": {},
    "plugin-api-version": "2.6.0"
}
